
Microsoft Visual Studio Solution File, Format Version 12.00
# Visual Studio 15
VisualStudioVersion = 15.0.28010.2016
MinimumVisualStudioVersion = 10.0.40219.1
Project("{FAE04EC0-301F-11D3-BF4B-00C04F79EFBC}") = "ComputerControl", "ComputerControl\ComputerControl.csproj", "{FC55B3CC-D592-4465-B1F9-5BC979E0128D}"
EndProject
Global
	GlobalSection(SolutionConfigurationPlatforms) = preSolution
		Debug|Any CPU = Debug|Any CPU
		Release|Any CPU = Release|Any CPU
	EndGlobalSection
	GlobalSection(ProjectConfigurationPlatforms) = postSolution
		{FC55B3CC-D592-4465-B1F9-5BC979E0128D}.Debug|Any CPU.ActiveCfg = Debug|Any CPU
		{FC55B3CC-D592-4465-B1F9-5BC979E0128D}.Debug|Any CPU.Build.0 = Debug|Any CPU
		{FC55B3CC-D592-4465-B1F9-5BC979E0128D}.Release|Any CPU.ActiveCfg = Release|Any CPU
		{FC55B3CC-D592-4465-B1F9-5BC979E0128D}.Release|Any CPU.Build.0 = Release|Any CPU
	EndGlobalSection
	GlobalSection(SolutionProperties) = preSolution
		HideSolutionNode = FALSE
	EndGlobalSection
	GlobalSection(ExtensibilityGlobals) = postSolution
		SolutionGuid = {522FA7C3-12E9-44F2-B297-CF959C51B16A}
	EndGlobalSection
EndGlobal
