
Microsoft Visual Studio Solution File, Format Version 12.00
# Visual Studio 15
VisualStudioVersion = 15.0.28010.2003
MinimumVisualStudioVersion = 10.0.40219.1
Project("{FAE04EC0-301F-11D3-BF4B-00C04F79EFBC}") = "CapstoneDesignServer", "CapstoneDesignServer\CapstoneDesignServer.csproj", "{4BEE8370-C44B-4B77-ACA1-D423B2F5C57D}"
EndProject
Global
	GlobalSection(SolutionConfigurationPlatforms) = preSolution
		Debug|Any CPU = Debug|Any CPU
		Release|Any CPU = Release|Any CPU
	EndGlobalSection
	GlobalSection(ProjectConfigurationPlatforms) = postSolution
		{4BEE8370-C44B-4B77-ACA1-D423B2F5C57D}.Debug|Any CPU.ActiveCfg = Debug|Any CPU
		{4BEE8370-C44B-4B77-ACA1-D423B2F5C57D}.Debug|Any CPU.Build.0 = Debug|Any CPU
		{4BEE8370-C44B-4B77-ACA1-D423B2F5C57D}.Release|Any CPU.ActiveCfg = Release|Any CPU
		{4BEE8370-C44B-4B77-ACA1-D423B2F5C57D}.Release|Any CPU.Build.0 = Release|Any CPU
	EndGlobalSection
	GlobalSection(SolutionProperties) = preSolution
		HideSolutionNode = FALSE
	EndGlobalSection
	GlobalSection(ExtensibilityGlobals) = postSolution
		SolutionGuid = {2847076B-7B45-4FFA-8B3E-C5E1F1BB5177}
	EndGlobalSection
EndGlobal
