
Microsoft Visual Studio Solution File, Format Version 12.00
# Visual Studio 15
VisualStudioVersion = 15.0.27428.2005
MinimumVisualStudioVersion = 10.0.40219.1
Project("{FAE04EC0-301F-11D3-BF4B-00C04F79EFBC}") = "Setup", "Setup\Setup.csproj", "{0C652582-7AD4-40DC-8B67-6B3DE271C5FA}"
EndProject
Global
	GlobalSection(SolutionConfigurationPlatforms) = preSolution
		Debug|Any CPU = Debug|Any CPU
		Release|Any CPU = Release|Any CPU
	EndGlobalSection
	GlobalSection(ProjectConfigurationPlatforms) = postSolution
		{0C652582-7AD4-40DC-8B67-6B3DE271C5FA}.Debug|Any CPU.ActiveCfg = Debug|Any CPU
		{0C652582-7AD4-40DC-8B67-6B3DE271C5FA}.Debug|Any CPU.Build.0 = Debug|Any CPU
		{0C652582-7AD4-40DC-8B67-6B3DE271C5FA}.Release|Any CPU.ActiveCfg = Release|Any CPU
		{0C652582-7AD4-40DC-8B67-6B3DE271C5FA}.Release|Any CPU.Build.0 = Release|Any CPU
	EndGlobalSection
	GlobalSection(SolutionProperties) = preSolution
		HideSolutionNode = FALSE
	EndGlobalSection
	GlobalSection(ExtensibilityGlobals) = postSolution
		SolutionGuid = {DA70D029-4932-4E7B-8112-710751651C7D}
	EndGlobalSection
EndGlobal
